
Microsoft Visual Studio Solution File, Format Version 12.00
# Visual Studio 15
VisualStudioVersion = 15.0.28307.2017
MinimumVisualStudioVersion = 10.0.40219.1
Project("{FAE04EC0-301F-11D3-BF4B-00C04F79EFBC}") = "PlcComDlg", "PlcComDlg\PlcComDlg.csproj", "{ABF6604E-A429-418C-B202-25C041F99F5F}"
EndProject
Project("{FAE04EC0-301F-11D3-BF4B-00C04F79EFBC}") = "SmaPlc", "SmaPlc\SmaPlc.csproj", "{DC9A787B-6715-427F-A142-42B48E4CAB6E}"
EndProject
Global
	GlobalSection(SolutionConfigurationPlatforms) = preSolution
		Debug|Any CPU = Debug|Any CPU
		Release|Any CPU = Release|Any CPU
	EndGlobalSection
	GlobalSection(ProjectConfigurationPlatforms) = postSolution
		{ABF6604E-A429-418C-B202-25C041F99F5F}.Debug|Any CPU.ActiveCfg = Debug|Any CPU
		{ABF6604E-A429-418C-B202-25C041F99F5F}.Debug|Any CPU.Build.0 = Debug|Any CPU
		{ABF6604E-A429-418C-B202-25C041F99F5F}.Release|Any CPU.ActiveCfg = Release|Any CPU
		{ABF6604E-A429-418C-B202-25C041F99F5F}.Release|Any CPU.Build.0 = Release|Any CPU
		{DC9A787B-6715-427F-A142-42B48E4CAB6E}.Debug|Any CPU.ActiveCfg = Debug|Any CPU
		{DC9A787B-6715-427F-A142-42B48E4CAB6E}.Debug|Any CPU.Build.0 = Debug|Any CPU
		{DC9A787B-6715-427F-A142-42B48E4CAB6E}.Release|Any CPU.ActiveCfg = Release|Any CPU
		{DC9A787B-6715-427F-A142-42B48E4CAB6E}.Release|Any CPU.Build.0 = Release|Any CPU
	EndGlobalSection
	GlobalSection(SolutionProperties) = preSolution
		HideSolutionNode = FALSE
	EndGlobalSection
	GlobalSection(ExtensibilityGlobals) = postSolution
		SolutionGuid = {87874FD1-2F71-4E28-A124-3A8ADE25469D}
	EndGlobalSection
EndGlobal
